// !$*UTF8*$!
{
	archiveVersion = 1;
	classes = {
	};
	objectVersion = 51;
	objects = {

/* Begin PBXBuildFile section */
		05E6F74FBFA5EAA041E558E4 /* Pods_YumMe.framework in Frameworks */ = {isa = PBXBuildFile; fileRef = 15DD449F74AA5402547EBA01 /* Pods_YumMe.framework */; };
		11377EAB616066E3D68E78E0 /* Pods_YumMe_YumMeUITests.framework in Frameworks */ = {isa = PBXBuildFile; fileRef = 4291CEB5143738438B150545 /* Pods_YumMe_YumMeUITests.framework */; };
		474F706F264EDD050035E29D /* DietaryPlanViewController.swift in Sources */ = {isa = PBXBuildFile; fileRef = 474F706E264EDD050035E29D /* DietaryPlanViewController.swift */; };
		479B45B52633760200A5FA02 /* GoogleService-Info.plist in Resources */ = {isa = PBXBuildFile; fileRef = 479B45B42633760200A5FA02 /* GoogleService-Info.plist */; };
		47C6A456264DCB9D0055FEC1 /* YumMe!.jpg in Resources */ = {isa = PBXBuildFile; fileRef = 47C6A455264DCB9C0055FEC1 /* YumMe!.jpg */; };
		620C401E61C6182DB383DB45 /* Pods_YumMeTests.framework in Frameworks */ = {isa = PBXBuildFile; fileRef = BAA7D23E68B837F3187A2403 /* Pods_YumMeTests.framework */; };
		62AFC3242610215B0021DEF9 /* AppDelegate.swift in Sources */ = {isa = PBXBuildFile; fileRef = 62AFC3232610215B0021DEF9 /* AppDelegate.swift */; };
		62AFC3262610215B0021DEF9 /* SceneDelegate.swift in Sources */ = {isa = PBXBuildFile; fileRef = 62AFC3252610215B0021DEF9 /* SceneDelegate.swift */; };
		62AFC3282610215B0021DEF9 /* ViewController.swift in Sources */ = {isa = PBXBuildFile; fileRef = 62AFC3272610215B0021DEF9 /* ViewController.swift */; };
		62AFC32B2610215B0021DEF9 /* Main.storyboard in Resources */ = {isa = PBXBuildFile; fileRef = 62AFC3292610215B0021DEF9 /* Main.storyboard */; };
		62AFC32D261021620021DEF9 /* Assets.xcassets in Resources */ = {isa = PBXBuildFile; fileRef = 62AFC32C261021620021DEF9 /* Assets.xcassets */; };
		62AFC330261021620021DEF9 /* LaunchScreen.storyboard in Resources */ = {isa = PBXBuildFile; fileRef = 62AFC32E261021620021DEF9 /* LaunchScreen.storyboard */; };
		62AFC33B261021630021DEF9 /* YumMeTests.swift in Sources */ = {isa = PBXBuildFile; fileRef = 62AFC33A261021630021DEF9 /* YumMeTests.swift */; };
		62AFC346261021630021DEF9 /* YumMeUITests.swift in Sources */ = {isa = PBXBuildFile; fileRef = 62AFC345261021630021DEF9 /* YumMeUITests.swift */; };
		9E4C4FD226338EA400518501 /* HistoryViewController.swift in Sources */ = {isa = PBXBuildFile; fileRef = 9E4C4FCE26338EA200518501 /* HistoryViewController.swift */; };
		9E4C4FD326338EA400518501 /* SettingsViewController.swift in Sources */ = {isa = PBXBuildFile; fileRef = 9E4C4FCF26338EA300518501 /* SettingsViewController.swift */; };
		9E4C4FD426338EA400518501 /* HomeViewController.swift in Sources */ = {isa = PBXBuildFile; fileRef = 9E4C4FD026338EA300518501 /* HomeViewController.swift */; };
		9E4C4FD526338EA400518501 /* HistoryRecipeTableViewCell.swift in Sources */ = {isa = PBXBuildFile; fileRef = 9E4C4FD126338EA400518501 /* HistoryRecipeTableViewCell.swift */; };
		9EF43831263357A400136510 /* (null) in Sources */ = {isa = PBXBuildFile; };
		9EFD5978262A02270096772D /* (null) in Sources */ = {isa = PBXBuildFile; };
		9EFD5980262A08D10096772D /* (null) in Sources */ = {isa = PBXBuildFile; };
		9EFD5985262A08ED0096772D /* (null) in Sources */ = {isa = PBXBuildFile; };
		CBEE6AAE264DFAA600A5C662 /* DietPreferences.swift in Sources */ = {isa = PBXBuildFile; fileRef = CBEE6AAD264DFAA600A5C662 /* DietPreferences.swift */; };
/* End PBXBuildFile section */

/* Begin PBXContainerItemProxy section */
		62AFC337261021630021DEF9 /* PBXContainerItemProxy */ = {
			isa = PBXContainerItemProxy;
			containerPortal = 62AFC3182610215B0021DEF9 /* Project object */;
			proxyType = 1;
			remoteGlobalIDString = 62AFC31F2610215B0021DEF9;
			remoteInfo = YumMe;
		};
		62AFC342261021630021DEF9 /* PBXContainerItemProxy */ = {
			isa = PBXContainerItemProxy;
			containerPortal = 62AFC3182610215B0021DEF9 /* Project object */;
			proxyType = 1;
			remoteGlobalIDString = 62AFC31F2610215B0021DEF9;
			remoteInfo = YumMe;
		};
/* End PBXContainerItemProxy section */

/* Begin PBXFileReference section */
		15DD449F74AA5402547EBA01 /* Pods_YumMe.framework */ = {isa = PBXFileReference; explicitFileType = wrapper.framework; includeInIndex = 0; path = Pods_YumMe.framework; sourceTree = BUILT_PRODUCTS_DIR; };
		23D41E2E8F70F6F5B5430776 /* Pods-YumMe-YumMeUITests.debug.xcconfig */ = {isa = PBXFileReference; includeInIndex = 1; lastKnownFileType = text.xcconfig; name = "Pods-YumMe-YumMeUITests.debug.xcconfig"; path = "Target Support Files/Pods-YumMe-YumMeUITests/Pods-YumMe-YumMeUITests.debug.xcconfig"; sourceTree = "<group>"; };
		4291CEB5143738438B150545 /* Pods_YumMe_YumMeUITests.framework */ = {isa = PBXFileReference; explicitFileType = wrapper.framework; includeInIndex = 0; path = Pods_YumMe_YumMeUITests.framework; sourceTree = BUILT_PRODUCTS_DIR; };
		474F706E264EDD050035E29D /* DietaryPlanViewController.swift */ = {isa = PBXFileReference; lastKnownFileType = sourcecode.swift; path = DietaryPlanViewController.swift; sourceTree = "<group>"; };
		479B45B42633760200A5FA02 /* GoogleService-Info.plist */ = {isa = PBXFileReference; fileEncoding = 4; lastKnownFileType = text.plist.xml; path = "GoogleService-Info.plist"; sourceTree = "<group>"; };
		47C6A455264DCB9C0055FEC1 /* YumMe!.jpg */ = {isa = PBXFileReference; lastKnownFileType = image.jpeg; path = "YumMe!.jpg"; sourceTree = "<group>"; };
		62AFC3202610215B0021DEF9 /* YumMe.app */ = {isa = PBXFileReference; explicitFileType = wrapper.application; includeInIndex = 0; path = YumMe.app; sourceTree = BUILT_PRODUCTS_DIR; };
		62AFC3232610215B0021DEF9 /* AppDelegate.swift */ = {isa = PBXFileReference; lastKnownFileType = sourcecode.swift; path = AppDelegate.swift; sourceTree = "<group>"; };
		62AFC3252610215B0021DEF9 /* SceneDelegate.swift */ = {isa = PBXFileReference; lastKnownFileType = sourcecode.swift; path = SceneDelegate.swift; sourceTree = "<group>"; };
		62AFC3272610215B0021DEF9 /* ViewController.swift */ = {isa = PBXFileReference; lastKnownFileType = sourcecode.swift; path = ViewController.swift; sourceTree = "<group>"; };
		62AFC32A2610215B0021DEF9 /* Base */ = {isa = PBXFileReference; lastKnownFileType = file.storyboard; name = Base; path = Base.lproj/Main.storyboard; sourceTree = "<group>"; };
		62AFC32C261021620021DEF9 /* Assets.xcassets */ = {isa = PBXFileReference; lastKnownFileType = folder.assetcatalog; path = Assets.xcassets; sourceTree = "<group>"; };
		62AFC32F261021620021DEF9 /* Base */ = {isa = PBXFileReference; lastKnownFileType = file.storyboard; name = Base; path = Base.lproj/LaunchScreen.storyboard; sourceTree = "<group>"; };
		62AFC331261021620021DEF9 /* Info.plist */ = {isa = PBXFileReference; lastKnownFileType = text.plist.xml; path = Info.plist; sourceTree = "<group>"; };
		62AFC336261021630021DEF9 /* YumMeTests.xctest */ = {isa = PBXFileReference; explicitFileType = wrapper.cfbundle; includeInIndex = 0; path = YumMeTests.xctest; sourceTree = BUILT_PRODUCTS_DIR; };
		62AFC33A261021630021DEF9 /* YumMeTests.swift */ = {isa = PBXFileReference; lastKnownFileType = sourcecode.swift; path = YumMeTests.swift; sourceTree = "<group>"; };
		62AFC33C261021630021DEF9 /* Info.plist */ = {isa = PBXFileReference; lastKnownFileType = text.plist.xml; path = Info.plist; sourceTree = "<group>"; };
		62AFC341261021630021DEF9 /* YumMeUITests.xctest */ = {isa = PBXFileReference; explicitFileType = wrapper.cfbundle; includeInIndex = 0; path = YumMeUITests.xctest; sourceTree = BUILT_PRODUCTS_DIR; };
		62AFC345261021630021DEF9 /* YumMeUITests.swift */ = {isa = PBXFileReference; lastKnownFileType = sourcecode.swift; path = YumMeUITests.swift; sourceTree = "<group>"; };
		62AFC347261021630021DEF9 /* Info.plist */ = {isa = PBXFileReference; lastKnownFileType = text.plist.xml; path = Info.plist; sourceTree = "<group>"; };
		9E4C4FCE26338EA200518501 /* HistoryViewController.swift */ = {isa = PBXFileReference; fileEncoding = 4; lastKnownFileType = sourcecode.swift; path = HistoryViewController.swift; sourceTree = "<group>"; };
		9E4C4FCF26338EA300518501 /* SettingsViewController.swift */ = {isa = PBXFileReference; fileEncoding = 4; lastKnownFileType = sourcecode.swift; path = SettingsViewController.swift; sourceTree = "<group>"; };
		9E4C4FD026338EA300518501 /* HomeViewController.swift */ = {isa = PBXFileReference; fileEncoding = 4; lastKnownFileType = sourcecode.swift; path = HomeViewController.swift; sourceTree = "<group>"; };
		9E4C4FD126338EA400518501 /* HistoryRecipeTableViewCell.swift */ = {isa = PBXFileReference; fileEncoding = 4; lastKnownFileType = sourcecode.swift; path = HistoryRecipeTableViewCell.swift; sourceTree = "<group>"; };
		A3FF8944A977AEB56F548066 /* Pods-YumMeTests.debug.xcconfig */ = {isa = PBXFileReference; includeInIndex = 1; lastKnownFileType = text.xcconfig; name = "Pods-YumMeTests.debug.xcconfig"; path = "Target Support Files/Pods-YumMeTests/Pods-YumMeTests.debug.xcconfig"; sourceTree = "<group>"; };
		AB43A03D2B7E3829C36B0625 /* Pods-YumMe-YumMeUITests.release.xcconfig */ = {isa = PBXFileReference; includeInIndex = 1; lastKnownFileType = text.xcconfig; name = "Pods-YumMe-YumMeUITests.release.xcconfig"; path = "Target Support Files/Pods-YumMe-YumMeUITests/Pods-YumMe-YumMeUITests.release.xcconfig"; sourceTree = "<group>"; };
		BAA7D23E68B837F3187A2403 /* Pods_YumMeTests.framework */ = {isa = PBXFileReference; explicitFileType = wrapper.framework; includeInIndex = 0; path = Pods_YumMeTests.framework; sourceTree = BUILT_PRODUCTS_DIR; };
		C2516036BFD7527B520E54CA /* Pods-YumMe.release.xcconfig */ = {isa = PBXFileReference; includeInIndex = 1; lastKnownFileType = text.xcconfig; name = "Pods-YumMe.release.xcconfig"; path = "Target Support Files/Pods-YumMe/Pods-YumMe.release.xcconfig"; sourceTree = "<group>"; };
		C9CE3A8976569AD95924FFAC /* Pods-YumMe.debug.xcconfig */ = {isa = PBXFileReference; includeInIndex = 1; lastKnownFileType = text.xcconfig; name = "Pods-YumMe.debug.xcconfig"; path = "Target Support Files/Pods-YumMe/Pods-YumMe.debug.xcconfig"; sourceTree = "<group>"; };
		CBEE6AAD264DFAA600A5C662 /* DietPreferences.swift */ = {isa = PBXFileReference; lastKnownFileType = sourcecode.swift; path = DietPreferences.swift; sourceTree = "<group>"; };
		EA0F720AD109F8A34503D809 /* Pods-YumMeTests.release.xcconfig */ = {isa = PBXFileReference; includeInIndex = 1; lastKnownFileType = text.xcconfig; name = "Pods-YumMeTests.release.xcconfig"; path = "Target Support Files/Pods-YumMeTests/Pods-YumMeTests.release.xcconfig"; sourceTree = "<group>"; };
/* End PBXFileReference section */

/* Begin PBXFrameworksBuildPhase section */
		62AFC31D2610215B0021DEF9 /* Frameworks */ = {
			isa = PBXFrameworksBuildPhase;
			buildActionMask = 2147483647;
			files = (
				05E6F74FBFA5EAA041E558E4 /* Pods_YumMe.framework in Frameworks */,
			);
			runOnlyForDeploymentPostprocessing = 0;
		};
		62AFC333261021630021DEF9 /* Frameworks */ = {
			isa = PBXFrameworksBuildPhase;
			buildActionMask = 2147483647;
			files = (
				620C401E61C6182DB383DB45 /* Pods_YumMeTests.framework in Frameworks */,
			);
			runOnlyForDeploymentPostprocessing = 0;
		};
		62AFC33E261021630021DEF9 /* Frameworks */ = {
			isa = PBXFrameworksBuildPhase;
			buildActionMask = 2147483647;
			files = (
				11377EAB616066E3D68E78E0 /* Pods_YumMe_YumMeUITests.framework in Frameworks */,
			);
			runOnlyForDeploymentPostprocessing = 0;
		};
/* End PBXFrameworksBuildPhase section */

/* Begin PBXGroup section */
		62AFC3172610215B0021DEF9 = {
			isa = PBXGroup;
			children = (
				9E4C4FCD26338E8700518501 /* ViewControllers */,
				62AFC3222610215B0021DEF9 /* YumMe */,
				62AFC339261021630021DEF9 /* YumMeTests */,
				62AFC344261021630021DEF9 /* YumMeUITests */,
				62AFC3212610215B0021DEF9 /* Products */,
				97B2A675519AFFA27BB02F6E /* Pods */,
				9C8DD67DFEEA3FB8A2D20BAD /* Frameworks */,
			);
			sourceTree = "<group>";
		};
		62AFC3212610215B0021DEF9 /* Products */ = {
			isa = PBXGroup;
			children = (
				62AFC3202610215B0021DEF9 /* YumMe.app */,
				62AFC336261021630021DEF9 /* YumMeTests.xctest */,
				62AFC341261021630021DEF9 /* YumMeUITests.xctest */,
			);
			name = Products;
			sourceTree = "<group>";
		};
		62AFC3222610215B0021DEF9 /* YumMe */ = {
			isa = PBXGroup;
			children = (
				62AFC3232610215B0021DEF9 /* AppDelegate.swift */,
				62AFC3252610215B0021DEF9 /* SceneDelegate.swift */,
				62AFC3272610215B0021DEF9 /* ViewController.swift */,
				62AFC3292610215B0021DEF9 /* Main.storyboard */,
				62AFC32C261021620021DEF9 /* Assets.xcassets */,
				62AFC32E261021620021DEF9 /* LaunchScreen.storyboard */,
				62AFC331261021620021DEF9 /* Info.plist */,
				479B45B42633760200A5FA02 /* GoogleService-Info.plist */,
				47C6A455264DCB9C0055FEC1 /* YumMe!.jpg */,
				474F706E264EDD050035E29D /* DietaryPlanViewController.swift */,
			);
			path = YumMe;
			sourceTree = "<group>";
		};
		62AFC339261021630021DEF9 /* YumMeTests */ = {
			isa = PBXGroup;
			children = (
				62AFC33A261021630021DEF9 /* YumMeTests.swift */,
				62AFC33C261021630021DEF9 /* Info.plist */,
			);
			path = YumMeTests;
			sourceTree = "<group>";
		};
		62AFC344261021630021DEF9 /* YumMeUITests */ = {
			isa = PBXGroup;
			children = (
				62AFC345261021630021DEF9 /* YumMeUITests.swift */,
				62AFC347261021630021DEF9 /* Info.plist */,
			);
			path = YumMeUITests;
			sourceTree = "<group>";
		};
		97B2A675519AFFA27BB02F6E /* Pods */ = {
			isa = PBXGroup;
			children = (
				C9CE3A8976569AD95924FFAC /* Pods-YumMe.debug.xcconfig */,
				C2516036BFD7527B520E54CA /* Pods-YumMe.release.xcconfig */,
				23D41E2E8F70F6F5B5430776 /* Pods-YumMe-YumMeUITests.debug.xcconfig */,
				AB43A03D2B7E3829C36B0625 /* Pods-YumMe-YumMeUITests.release.xcconfig */,
				A3FF8944A977AEB56F548066 /* Pods-YumMeTests.debug.xcconfig */,
				EA0F720AD109F8A34503D809 /* Pods-YumMeTests.release.xcconfig */,
			);
			path = Pods;
			sourceTree = "<group>";
		};
		9C8DD67DFEEA3FB8A2D20BAD /* Frameworks */ = {
			isa = PBXGroup;
			children = (
				15DD449F74AA5402547EBA01 /* Pods_YumMe.framework */,
				4291CEB5143738438B150545 /* Pods_YumMe_YumMeUITests.framework */,
				BAA7D23E68B837F3187A2403 /* Pods_YumMeTests.framework */,
			);
			name = Frameworks;
			sourceTree = "<group>";
		};
		9E4C4FCD26338E8700518501 /* ViewControllers */ = {
			isa = PBXGroup;
			children = (
				9E4C4FD126338EA400518501 /* HistoryRecipeTableViewCell.swift */,
				9E4C4FCE26338EA200518501 /* HistoryViewController.swift */,
				9E4C4FD026338EA300518501 /* HomeViewController.swift */,
				9E4C4FCF26338EA300518501 /* SettingsViewController.swift */,
				CBEE6AAD264DFAA600A5C662 /* DietPreferences.swift */,
			);
			path = ViewControllers;
			sourceTree = "<group>";
		};
/* End PBXGroup section */

/* Begin PBXNativeTarget section */
		62AFC31F2610215B0021DEF9 /* YumMe */ = {
			isa = PBXNativeTarget;
			buildConfigurationList = 62AFC34A261021630021DEF9 /* Build configuration list for PBXNativeTarget "YumMe" */;
			buildPhases = (
				868C5021AF15373F2887CCCE /* [CP] Check Pods Manifest.lock */,
				62AFC31C2610215B0021DEF9 /* Sources */,
				62AFC31D2610215B0021DEF9 /* Frameworks */,
				62AFC31E2610215B0021DEF9 /* Resources */,
				0F41E499D0F180EE04938518 /* [CP] Embed Pods Frameworks */,
				5AB0C889E8D3C1A8D71B388F /* [CP] Copy Pods Resources */,
			);
			buildRules = (
			);
			dependencies = (
			);
			name = YumMe;
			productName = YumMe;
			productReference = 62AFC3202610215B0021DEF9 /* YumMe.app */;
			productType = "com.apple.product-type.application";
		};
		62AFC335261021630021DEF9 /* YumMeTests */ = {
			isa = PBXNativeTarget;
			buildConfigurationList = 62AFC34D261021630021DEF9 /* Build configuration list for PBXNativeTarget "YumMeTests" */;
			buildPhases = (
				05BF1105420333502664992B /* [CP] Check Pods Manifest.lock */,
				62AFC332261021630021DEF9 /* Sources */,
				62AFC333261021630021DEF9 /* Frameworks */,
				62AFC334261021630021DEF9 /* Resources */,
			);
			buildRules = (
			);
			dependencies = (
				62AFC338261021630021DEF9 /* PBXTargetDependency */,
			);
			name = YumMeTests;
			productName = YumMeTests;
			productReference = 62AFC336261021630021DEF9 /* YumMeTests.xctest */;
			productType = "com.apple.product-type.bundle.unit-test";
		};
		62AFC340261021630021DEF9 /* YumMeUITests */ = {
			isa = PBXNativeTarget;
			buildConfigurationList = 62AFC350261021630021DEF9 /* Build configuration list for PBXNativeTarget "YumMeUITests" */;
			buildPhases = (
				ECE2FA58F67ACD0D328A339B /* [CP] Check Pods Manifest.lock */,
				62AFC33D261021630021DEF9 /* Sources */,
				62AFC33E261021630021DEF9 /* Frameworks */,
				62AFC33F261021630021DEF9 /* Resources */,
				310910BCAABCD4ADEB0FDA5C /* [CP] Embed Pods Frameworks */,
				8072BA1F44DDDAFF5205B6C2 /* [CP] Copy Pods Resources */,
			);
			buildRules = (
			);
			dependencies = (
				62AFC343261021630021DEF9 /* PBXTargetDependency */,
			);
			name = YumMeUITests;
			productName = YumMeUITests;
			productReference = 62AFC341261021630021DEF9 /* YumMeUITests.xctest */;
			productType = "com.apple.product-type.bundle.ui-testing";
		};
/* End PBXNativeTarget section */

/* Begin PBXProject section */
		62AFC3182610215B0021DEF9 /* Project object */ = {
			isa = PBXProject;
			attributes = {
				LastSwiftUpdateCheck = 1240;
				LastUpgradeCheck = 1240;
				TargetAttributes = {
					62AFC31F2610215B0021DEF9 = {
						CreatedOnToolsVersion = 12.4;
					};
					62AFC335261021630021DEF9 = {
						CreatedOnToolsVersion = 12.4;
						TestTargetID = 62AFC31F2610215B0021DEF9;
					};
					62AFC340261021630021DEF9 = {
						CreatedOnToolsVersion = 12.4;
						TestTargetID = 62AFC31F2610215B0021DEF9;
					};
				};
			};
			buildConfigurationList = 62AFC31B2610215B0021DEF9 /* Build configuration list for PBXProject "YumMe" */;
			compatibilityVersion = "Xcode 9.3";
			developmentRegion = en;
			hasScannedForEncodings = 0;
			knownRegions = (
				en,
				Base,
			);
			mainGroup = 62AFC3172610215B0021DEF9;
			productRefGroup = 62AFC3212610215B0021DEF9 /* Products */;
			projectDirPath = "";
			projectRoot = "";
			targets = (
				62AFC31F2610215B0021DEF9 /* YumMe */,
				62AFC335261021630021DEF9 /* YumMeTests */,
				62AFC340261021630021DEF9 /* YumMeUITests */,
			);
		};
/* End PBXProject section */

/* Begin PBXResourcesBuildPhase section */
		62AFC31E2610215B0021DEF9 /* Resources */ = {
			isa = PBXResourcesBuildPhase;
			buildActionMask = 2147483647;
			files = (
				62AFC330261021620021DEF9 /* LaunchScreen.storyboard in Resources */,
				479B45B52633760200A5FA02 /* GoogleService-Info.plist in Resources */,
				62AFC32D261021620021DEF9 /* Assets.xcassets in Resources */,
				62AFC32B2610215B0021DEF9 /* Main.storyboard in Resources */,
				47C6A456264DCB9D0055FEC1 /* YumMe!.jpg in Resources */,
			);
			runOnlyForDeploymentPostprocessing = 0;
		};
		62AFC334261021630021DEF9 /* Resources */ = {
			isa = PBXResourcesBuildPhase;
			buildActionMask = 2147483647;
			files = (
			);
			runOnlyForDeploymentPostprocessing = 0;
		};
		62AFC33F261021630021DEF9 /* Resources */ = {
			isa = PBXResourcesBuildPhase;
			buildActionMask = 2147483647;
			files = (
			);
			runOnlyForDeploymentPostprocessing = 0;
		};
/* End PBXResourcesBuildPhase section */

/* Begin PBXShellScriptBuildPhase section */
		05BF1105420333502664992B /* [CP] Check Pods Manifest.lock */ = {
			isa = PBXShellScriptBuildPhase;
			buildActionMask = 2147483647;
			files = (
			);
			inputFileListPaths = (
			);
			inputPaths = (
				"${PODS_PODFILE_DIR_PATH}/Podfile.lock",
				"${PODS_ROOT}/Manifest.lock",
			);
			name = "[CP] Check Pods Manifest.lock";
			outputFileListPaths = (
			);
			outputPaths = (
				"$(DERIVED_FILE_DIR)/Pods-YumMeTests-checkManifestLockResult.txt",
			);
			runOnlyForDeploymentPostprocessing = 0;
			shellPath = /bin/sh;
			shellScript = "diff \"${PODS_PODFILE_DIR_PATH}/Podfile.lock\" \"${PODS_ROOT}/Manifest.lock\" > /dev/null\nif [ $? != 0 ] ; then\n    # print error to STDERR\n    echo \"error: The sandbox is not in sync with the Podfile.lock. Run 'pod install' or update your CocoaPods installation.\" >&2\n    exit 1\nfi\n# This output is used by Xcode 'outputs' to avoid re-running this script phase.\necho \"SUCCESS\" > \"${SCRIPT_OUTPUT_FILE_0}\"\n";
			showEnvVarsInLog = 0;
		};
		0F41E499D0F180EE04938518 /* [CP] Embed Pods Frameworks */ = {
			isa = PBXShellScriptBuildPhase;
			buildActionMask = 2147483647;
			files = (
			);
			inputFileListPaths = (
				"${PODS_ROOT}/Target Support Files/Pods-YumMe/Pods-YumMe-frameworks-${CONFIGURATION}-input-files.xcfilelist",
			);
			name = "[CP] Embed Pods Frameworks";
			outputFileListPaths = (
				"${PODS_ROOT}/Target Support Files/Pods-YumMe/Pods-YumMe-frameworks-${CONFIGURATION}-output-files.xcfilelist",
			);
			runOnlyForDeploymentPostprocessing = 0;
			shellPath = /bin/sh;
			shellScript = "\"${PODS_ROOT}/Target Support Files/Pods-YumMe/Pods-YumMe-frameworks.sh\"\n";
			showEnvVarsInLog = 0;
		};
		310910BCAABCD4ADEB0FDA5C /* [CP] Embed Pods Frameworks */ = {
			isa = PBXShellScriptBuildPhase;
			buildActionMask = 2147483647;
			files = (
			);
			inputFileListPaths = (
				"${PODS_ROOT}/Target Support Files/Pods-YumMe-YumMeUITests/Pods-YumMe-YumMeUITests-frameworks-${CONFIGURATION}-input-files.xcfilelist",
			);
			name = "[CP] Embed Pods Frameworks";
			outputFileListPaths = (
				"${PODS_ROOT}/Target Support Files/Pods-YumMe-YumMeUITests/Pods-YumMe-YumMeUITests-frameworks-${CONFIGURATION}-output-files.xcfilelist",
			);
			runOnlyForDeploymentPostprocessing = 0;
			shellPath = /bin/sh;
			shellScript = "\"${PODS_ROOT}/Target Support Files/Pods-YumMe-YumMeUITests/Pods-YumMe-YumMeUITests-frameworks.sh\"\n";
			showEnvVarsInLog = 0;
		};
		5AB0C889E8D3C1A8D71B388F /* [CP] Copy Pods Resources */ = {
			isa = PBXShellScriptBuildPhase;
			buildActionMask = 2147483647;
			files = (
			);
			inputFileListPaths = (
				"${PODS_ROOT}/Target Support Files/Pods-YumMe/Pods-YumMe-resources-${CONFIGURATION}-input-files.xcfilelist",
			);
			name = "[CP] Copy Pods Resources";
			outputFileListPaths = (
				"${PODS_ROOT}/Target Support Files/Pods-YumMe/Pods-YumMe-resources-${CONFIGURATION}-output-files.xcfilelist",
			);
			runOnlyForDeploymentPostprocessing = 0;
			shellPath = /bin/sh;
			shellScript = "\"${PODS_ROOT}/Target Support Files/Pods-YumMe/Pods-YumMe-resources.sh\"\n";
			showEnvVarsInLog = 0;
		};
		8072BA1F44DDDAFF5205B6C2 /* [CP] Copy Pods Resources */ = {
			isa = PBXShellScriptBuildPhase;
			buildActionMask = 2147483647;
			files = (
			);
			inputFileListPaths = (
				"${PODS_ROOT}/Target Support Files/Pods-YumMe-YumMeUITests/Pods-YumMe-YumMeUITests-resources-${CONFIGURATION}-input-files.xcfilelist",
			);
			name = "[CP] Copy Pods Resources";
			outputFileListPaths = (
				"${PODS_ROOT}/Target Support Files/Pods-YumMe-YumMeUITests/Pods-YumMe-YumMeUITests-resources-${CONFIGURATION}-output-files.xcfilelist",
			);
			runOnlyForDeploymentPostprocessing = 0;
			shellPath = /bin/sh;
			shellScript = "\"${PODS_ROOT}/Target Support Files/Pods-YumMe-YumMeUITests/Pods-YumMe-YumMeUITests-resources.sh\"\n";
			showEnvVarsInLog = 0;
		};
		868C5021AF15373F2887CCCE /* [CP] Check Pods Manifest.lock */ = {
			isa = PBXShellScriptBuildPhase;
			buildActionMask = 2147483647;
			files = (
			);
			inputFileListPaths = (
			);
			inputPaths = (
				"${PODS_PODFILE_DIR_PATH}/Podfile.lock",
				"${PODS_ROOT}/Manifest.lock",
			);
			name = "[CP] Check Pods Manifest.lock";
			outputFileListPaths = (
			);
			outputPaths = (
				"$(DERIVED_FILE_DIR)/Pods-YumMe-checkManifestLockResult.txt",
			);
			runOnlyForDeploymentPostprocessing = 0;
			shellPath = /bin/sh;
			shellScript = "diff \"${PODS_PODFILE_DIR_PATH}/Podfile.lock\" \"${PODS_ROOT}/Manifest.lock\" > /dev/null\nif [ $? != 0 ] ; then\n    # print error to STDERR\n    echo \"error: The sandbox is not in sync with the Podfile.lock. Run 'pod install' or update your CocoaPods installation.\" >&2\n    exit 1\nfi\n# This output is used by Xcode 'outputs' to avoid re-running this script phase.\necho \"SUCCESS\" > \"${SCRIPT_OUTPUT_FILE_0}\"\n";
			showEnvVarsInLog = 0;
		};
		ECE2FA58F67ACD0D328A339B /* [CP] Check Pods Manifest.lock */ = {
			isa = PBXShellScriptBuildPhase;
			buildActionMask = 2147483647;
			files = (
			);
			inputFileListPaths = (
			);
			inputPaths = (
				"${PODS_PODFILE_DIR_PATH}/Podfile.lock",
				"${PODS_ROOT}/Manifest.lock",
			);
			name = "[CP] Check Pods Manifest.lock";
			outputFileListPaths = (
			);
			outputPaths = (
				"$(DERIVED_FILE_DIR)/Pods-YumMe-YumMeUITests-checkManifestLockResult.txt",
			);
			runOnlyForDeploymentPostprocessing = 0;
			shellPath = /bin/sh;
			shellScript = "diff \"${PODS_PODFILE_DIR_PATH}/Podfile.lock\" \"${PODS_ROOT}/Manifest.lock\" > /dev/null\nif [ $? != 0 ] ; then\n    # print error to STDERR\n    echo \"error: The sandbox is not in sync with the Podfile.lock. Run 'pod install' or update your CocoaPods installation.\" >&2\n    exit 1\nfi\n# This output is used by Xcode 'outputs' to avoid re-running this script phase.\necho \"SUCCESS\" > \"${SCRIPT_OUTPUT_FILE_0}\"\n";
			showEnvVarsInLog = 0;
		};
/* End PBXShellScriptBuildPhase section */

/* Begin PBXSourcesBuildPhase section */
		62AFC31C2610215B0021DEF9 /* Sources */ = {
			isa = PBXSourcesBuildPhase;
			buildActionMask = 2147483647;
			files = (
				62AFC3282610215B0021DEF9 /* ViewController.swift in Sources */,
				62AFC3242610215B0021DEF9 /* AppDelegate.swift in Sources */,
				9EF43831263357A400136510 /* (null) in Sources */,
				62AFC3262610215B0021DEF9 /* SceneDelegate.swift in Sources */,
				474F706F264EDD050035E29D /* DietaryPlanViewController.swift in Sources */,
				9EFD5985262A08ED0096772D /* (null) in Sources */,
				9E4C4FD426338EA400518501 /* HomeViewController.swift in Sources */,
				9EFD5980262A08D10096772D /* (null) in Sources */,
				9E4C4FD526338EA400518501 /* HistoryRecipeTableViewCell.swift in Sources */,
				CBEE6AAE264DFAA600A5C662 /* DietPreferences.swift in Sources */,
				9EFD5978262A02270096772D /* (null) in Sources */,
				9E4C4FD226338EA400518501 /* HistoryViewController.swift in Sources */,
				9E4C4FD326338EA400518501 /* SettingsViewController.swift in Sources */,
			);
			runOnlyForDeploymentPostprocessing = 0;
		};
		62AFC332261021630021DEF9 /* Sources */ = {
			isa = PBXSourcesBuildPhase;
			buildActionMask = 2147483647;
			files = (
				62AFC33B261021630021DEF9 /* YumMeTests.swift in Sources */,
			);
			runOnlyForDeploymentPostprocessing = 0;
		};
		62AFC33D261021630021DEF9 /* Sources */ = {
			isa = PBXSourcesBuildPhase;
			buildActionMask = 2147483647;
			files = (
				62AFC346261021630021DEF9 /* YumMeUITests.swift in Sources */,
			);
			runOnlyForDeploymentPostprocessing = 0;
		};
/* End PBXSourcesBuildPhase section */

/* Begin PBXTargetDependency section */
		62AFC338261021630021DEF9 /* PBXTargetDependency */ = {
			isa = PBXTargetDependency;
			target = 62AFC31F2610215B0021DEF9 /* YumMe */;
			targetProxy = 62AFC337261021630021DEF9 /* PBXContainerItemProxy */;
		};
		62AFC343261021630021DEF9 /* PBXTargetDependency */ = {
			isa = PBXTargetDependency;
			target = 62AFC31F2610215B0021DEF9 /* YumMe */;
			targetProxy = 62AFC342261021630021DEF9 /* PBXContainerItemProxy */;
		};
/* End PBXTargetDependency section */

/* Begin PBXVariantGroup section */
		62AFC3292610215B0021DEF9 /* Main.storyboard */ = {
			isa = PBXVariantGroup;
			children = (
				62AFC32A2610215B0021DEF9 /* Base */,
			);
			name = Main.storyboard;
			sourceTree = "<group>";
		};
		62AFC32E261021620021DEF9 /* LaunchScreen.storyboard */ = {
			isa = PBXVariantGroup;
			children = (
				62AFC32F261021620021DEF9 /* Base */,
			);
			name = LaunchScreen.storyboard;
			sourceTree = "<group>";
		};
/* End PBXVariantGroup section */

/* Begin XCBuildConfiguration section */
		62AFC348261021630021DEF9 /* Debug */ = {
			isa = XCBuildConfiguration;
			buildSettings = {
				ALWAYS_SEARCH_USER_PATHS = NO;
				CLANG_ANALYZER_NONNULL = YES;
				CLANG_ANALYZER_NUMBER_OBJECT_CONVERSION = YES_AGGRESSIVE;
				CLANG_CXX_LANGUAGE_STANDARD = "gnu++14";
				CLANG_CXX_LIBRARY = "libc++";
				CLANG_ENABLE_MODULES = YES;
				CLANG_ENABLE_OBJC_ARC = YES;
				CLANG_ENABLE_OBJC_WEAK = YES;
				CLANG_WARN_BLOCK_CAPTURE_AUTORELEASING = YES;
				CLANG_WARN_BOOL_CONVERSION = YES;
				CLANG_WARN_COMMA = YES;
				CLANG_WARN_CONSTANT_CONVERSION = YES;
				CLANG_WARN_DEPRECATED_OBJC_IMPLEMENTATIONS = YES;
				CLANG_WARN_DIRECT_OBJC_ISA_USAGE = YES_ERROR;
				CLANG_WARN_DOCUMENTATION_COMMENTS = YES;
				CLANG_WARN_EMPTY_BODY = YES;
				CLANG_WARN_ENUM_CONVERSION = YES;
				CLANG_WARN_INFINITE_RECURSION = YES;
				CLANG_WARN_INT_CONVERSION = YES;
				CLANG_WARN_NON_LITERAL_NULL_CONVERSION = YES;
				CLANG_WARN_OBJC_IMPLICIT_RETAIN_SELF = YES;
				CLANG_WARN_OBJC_LITERAL_CONVERSION = YES;
				CLANG_WARN_OBJC_ROOT_CLASS = YES_ERROR;
				CLANG_WARN_QUOTED_INCLUDE_IN_FRAMEWORK_HEADER = YES;
				CLANG_WARN_RANGE_LOOP_ANALYSIS = YES;
				CLANG_WARN_STRICT_PROTOTYPES = YES;
				CLANG_WARN_SUSPICIOUS_MOVE = YES;
				CLANG_WARN_UNGUARDED_AVAILABILITY = YES_AGGRESSIVE;
				CLANG_WARN_UNREACHABLE_CODE = YES;
				CLANG_WARN__DUPLICATE_METHOD_MATCH = YES;
				COPY_PHASE_STRIP = NO;
				DEBUG_INFORMATION_FORMAT = dwarf;
				ENABLE_STRICT_OBJC_MSGSEND = YES;
				ENABLE_TESTABILITY = YES;
				GCC_C_LANGUAGE_STANDARD = gnu11;
				GCC_DYNAMIC_NO_PIC = NO;
				GCC_NO_COMMON_BLOCKS = YES;
				GCC_OPTIMIZATION_LEVEL = 0;
				GCC_PREPROCESSOR_DEFINITIONS = (
					"DEBUG=1",
					"$(inherited)",
				);
				GCC_WARN_64_TO_32_BIT_CONVERSION = YES;
				GCC_WARN_ABOUT_RETURN_TYPE = YES_ERROR;
				GCC_WARN_UNDECLARED_SELECTOR = YES;
				GCC_WARN_UNINITIALIZED_AUTOS = YES_AGGRESSIVE;
				GCC_WARN_UNUSED_FUNCTION = YES;
				GCC_WARN_UNUSED_VARIABLE = YES;
				IPHONEOS_DEPLOYMENT_TARGET = 14.4;
				MTL_ENABLE_DEBUG_INFO = INCLUDE_SOURCE;
				MTL_FAST_MATH = YES;
				ONLY_ACTIVE_ARCH = YES;
				SDKROOT = iphoneos;
				SWIFT_ACTIVE_COMPILATION_CONDITIONS = DEBUG;
				SWIFT_OPTIMIZATION_LEVEL = "-Onone";
			};
			name = Debug;
		};
		62AFC349261021630021DEF9 /* Release */ = {
			isa = XCBuildConfiguration;
			buildSettings = {
				ALWAYS_SEARCH_USER_PATHS = NO;
				CLANG_ANALYZER_NONNULL = YES;
				CLANG_ANALYZER_NUMBER_OBJECT_CONVERSION = YES_AGGRESSIVE;
				CLANG_CXX_LANGUAGE_STANDARD = "gnu++14";
				CLANG_CXX_LIBRARY = "libc++";
				CLANG_ENABLE_MODULES = YES;
				CLANG_ENABLE_OBJC_ARC = YES;
				CLANG_ENABLE_OBJC_WEAK = YES;
				CLANG_WARN_BLOCK_CAPTURE_AUTORELEASING = YES;
				CLANG_WARN_BOOL_CONVERSION = YES;
				CLANG_WARN_COMMA = YES;
				CLANG_WARN_CONSTANT_CONVERSION = YES;
				CLANG_WARN_DEPRECATED_OBJC_IMPLEMENTATIONS = YES;
				CLANG_WARN_DIRECT_OBJC_ISA_USAGE = YES_ERROR;
				CLANG_WARN_DOCUMENTATION_COMMENTS = YES;
				CLANG_WARN_EMPTY_BODY = YES;
				CLANG_WARN_ENUM_CONVERSION = YES;
				CLANG_WARN_INFINITE_RECURSION = YES;
				CLANG_WARN_INT_CONVERSION = YES;
				CLANG_WARN_NON_LITERAL_NULL_CONVERSION = YES;
				CLANG_WARN_OBJC_IMPLICIT_RETAIN_SELF = YES;
				CLANG_WARN_OBJC_LITERAL_CONVERSION = YES;
				CLANG_WARN_OBJC_ROOT_CLASS = YES_ERROR;
				CLANG_WARN_QUOTED_INCLUDE_IN_FRAMEWORK_HEADER = YES;
				CLANG_WARN_RANGE_LOOP_ANALYSIS = YES;
				CLANG_WARN_STRICT_PROTOTYPES = YES;
				CLANG_WARN_SUSPICIOUS_MOVE = YES;
				CLANG_WARN_UNGUARDED_AVAILABILITY = YES_AGGRESSIVE;
				CLANG_WARN_UNREACHABLE_CODE = YES;
				CLANG_WARN__DUPLICATE_METHOD_MATCH = YES;
				COPY_PHASE_STRIP = NO;
				DEBUG_INFORMATION_FORMAT = "dwarf-with-dsym";
				ENABLE_NS_ASSERTIONS = NO;
				ENABLE_STRICT_OBJC_MSGSEND = YES;
				GCC_C_LANGUAGE_STANDARD = gnu11;
				GCC_NO_COMMON_BLOCKS = YES;
				GCC_WARN_64_TO_32_BIT_CONVERSION = YES;
				GCC_WARN_ABOUT_RETURN_TYPE = YES_ERROR;
				GCC_WARN_UNDECLARED_SELECTOR = YES;
				GCC_WARN_UNINITIALIZED_AUTOS = YES_AGGRESSIVE;
				GCC_WARN_UNUSED_FUNCTION = YES;
				GCC_WARN_UNUSED_VARIABLE = YES;
				IPHONEOS_DEPLOYMENT_TARGET = 14.4;
				MTL_ENABLE_DEBUG_INFO = NO;
				MTL_FAST_MATH = YES;
				SDKROOT = iphoneos;
				SWIFT_COMPILATION_MODE = wholemodule;
				SWIFT_OPTIMIZATION_LEVEL = "-O";
				VALIDATE_PRODUCT = YES;
			};
			name = Release;
		};
		62AFC34B261021630021DEF9 /* Debug */ = {
			isa = XCBuildConfiguration;
			baseConfigurationReference = C9CE3A8976569AD95924FFAC /* Pods-YumMe.debug.xcconfig */;
			buildSettings = {
				ASSETCATALOG_COMPILER_APPICON_NAME = AppIcon;
				ASSETCATALOG_COMPILER_GLOBAL_ACCENT_COLOR_NAME = AccentColor;
				CODE_SIGN_STYLE = Automatic;
				DEVELOPMENT_TEAM = 7PAAW3KJM4;
				INFOPLIST_FILE = YumMe/Info.plist;
				LD_RUNPATH_SEARCH_PATHS = (
					"$(inherited)",
					"@executable_path/Frameworks",
				);
				PRODUCT_BUNDLE_IDENTIFIER = marycolleengrace.YumMe;
				PRODUCT_NAME = "$(TARGET_NAME)";
				SWIFT_VERSION = 5.0;
				TARGETED_DEVICE_FAMILY = "1,2";
			};
			name = Debug;
		};
		62AFC34C261021630021DEF9 /* Release */ = {
			isa = XCBuildConfiguration;
			baseConfigurationReference = C2516036BFD7527B520E54CA /* Pods-YumMe.release.xcconfig */;
			buildSettings = {
				ASSETCATALOG_COMPILER_APPICON_NAME = AppIcon;
				ASSETCATALOG_COMPILER_GLOBAL_ACCENT_COLOR_NAME = AccentColor;
				CODE_SIGN_STYLE = Automatic;
				DEVELOPMENT_TEAM = 7PAAW3KJM4;
				INFOPLIST_FILE = YumMe/Info.plist;
				LD_RUNPATH_SEARCH_PATHS = (
					"$(inherited)",
					"@executable_path/Frameworks",
				);
				PRODUCT_BUNDLE_IDENTIFIER = marycolleengrace.YumMe;
				PRODUCT_NAME = "$(TARGET_NAME)";
				SWIFT_VERSION = 5.0;
				TARGETED_DEVICE_FAMILY = "1,2";
			};
			name = Release;
		};
		62AFC34E261021630021DEF9 /* Debug */ = {
			isa = XCBuildConfiguration;
			baseConfigurationReference = A3FF8944A977AEB56F548066 /* Pods-YumMeTests.debug.xcconfig */;
			buildSettings = {
				ALWAYS_EMBED_SWIFT_STANDARD_LIBRARIES = YES;
				BUNDLE_LOADER = "$(TEST_HOST)";
				CODE_SIGN_STYLE = Automatic;
				DEVELOPMENT_TEAM = 7PAAW3KJM4;
				INFOPLIST_FILE = YumMeTests/Info.plist;
				IPHONEOS_DEPLOYMENT_TARGET = 14.4;
				LD_RUNPATH_SEARCH_PATHS = (
					"$(inherited)",
					"@executable_path/Frameworks",
					"@loader_path/Frameworks",
				);
				PRODUCT_BUNDLE_IDENTIFIER = marycolleengrace.YumMeTests;
				PRODUCT_NAME = "$(TARGET_NAME)";
				SWIFT_VERSION = 5.0;
				TARGETED_DEVICE_FAMILY = "1,2";
				TEST_HOST = "$(BUILT_PRODUCTS_DIR)/YumMe.app/YumMe";
			};
			name = Debug;
		};
		62AFC34F261021630021DEF9 /* Release */ = {
			isa = XCBuildConfiguration;
			baseConfigurationReference = EA0F720AD109F8A34503D809 /* Pods-YumMeTests.release.xcconfig */;
			buildSettings = {
				ALWAYS_EMBED_SWIFT_STANDARD_LIBRARIES = YES;
				BUNDLE_LOADER = "$(TEST_HOST)";
				CODE_SIGN_STYLE = Automatic;
				DEVELOPMENT_TEAM = 7PAAW3KJM4;
				INFOPLIST_FILE = YumMeTests/Info.plist;
				IPHONEOS_DEPLOYMENT_TARGET = 14.4;
				LD_RUNPATH_SEARCH_PATHS = (
					"$(inherited)",
					"@executable_path/Frameworks",
					"@loader_path/Frameworks",
				);
				PRODUCT_BUNDLE_IDENTIFIER = marycolleengrace.YumMeTests;
				PRODUCT_NAME = "$(TARGET_NAME)";
				SWIFT_VERSION = 5.0;
				TARGETED_DEVICE_FAMILY = "1,2";
				TEST_HOST = "$(BUILT_PRODUCTS_DIR)/YumMe.app/YumMe";
			};
			name = Release;
		};
		62AFC351261021630021DEF9 /* Debug */ = {
			isa = XCBuildConfiguration;
			baseConfigurationReference = 23D41E2E8F70F6F5B5430776 /* Pods-YumMe-YumMeUITests.debug.xcconfig */;
			buildSettings = {
				ALWAYS_EMBED_SWIFT_STANDARD_LIBRARIES = YES;
				CODE_SIGN_STYLE = Automatic;
				DEVELOPMENT_TEAM = 7PAAW3KJM4;
				INFOPLIST_FILE = YumMeUITests/Info.plist;
				LD_RUNPATH_SEARCH_PATHS = (
					"$(inherited)",
					"@executable_path/Frameworks",
					"@loader_path/Frameworks",
				);
				PRODUCT_BUNDLE_IDENTIFIER = marycolleengrace.YumMeUITests;
				PRODUCT_NAME = "$(TARGET_NAME)";
				SWIFT_VERSION = 5.0;
				TARGETED_DEVICE_FAMILY = "1,2";
				TEST_TARGET_NAME = YumMe;
			};
			name = Debug;
		};
		62AFC352261021630021DEF9 /* Release */ = {
			isa = XCBuildConfiguration;
			baseConfigurationReference = AB43A03D2B7E3829C36B0625 /* Pods-YumMe-YumMeUITests.release.xcconfig */;
			buildSettings = {
				ALWAYS_EMBED_SWIFT_STANDARD_LIBRARIES = YES;
				CODE_SIGN_STYLE = Automatic;
				DEVELOPMENT_TEAM = 7PAAW3KJM4;
				INFOPLIST_FILE = YumMeUITests/Info.plist;
				LD_RUNPATH_SEARCH_PATHS = (
					"$(inherited)",
					"@executable_path/Frameworks",
					"@loader_path/Frameworks",
				);
				PRODUCT_BUNDLE_IDENTIFIER = marycolleengrace.YumMeUITests;
				PRODUCT_NAME = "$(TARGET_NAME)";
				SWIFT_VERSION = 5.0;
				TARGETED_DEVICE_FAMILY = "1,2";
				TEST_TARGET_NAME = YumMe;
			};
			name = Release;
		};
/* End XCBuildConfiguration section */

/* Begin XCConfigurationList section */
		62AFC31B2610215B0021DEF9 /* Build configuration list for PBXProject "YumMe" */ = {
			isa = XCConfigurationList;
			buildConfigurations = (
				62AFC348261021630021DEF9 /* Debug */,
				62AFC349261021630021DEF9 /* Release */,
			);
			defaultConfigurationIsVisible = 0;
			defaultConfigurationName = Release;
		};
		62AFC34A261021630021DEF9 /* Build configuration list for PBXNativeTarget "YumMe" */ = {
			isa = XCConfigurationList;
			buildConfigurations = (
				62AFC34B261021630021DEF9 /* Debug */,
				62AFC34C261021630021DEF9 /* Release */,
			);
			defaultConfigurationIsVisible = 0;
			defaultConfigurationName = Release;
		};
		62AFC34D261021630021DEF9 /* Build configuration list for PBXNativeTarget "YumMeTests" */ = {
			isa = XCConfigurationList;
			buildConfigurations = (
				62AFC34E261021630021DEF9 /* Debug */,
				62AFC34F261021630021DEF9 /* Release */,
			);
			defaultConfigurationIsVisible = 0;
			defaultConfigurationName = Release;
		};
		62AFC350261021630021DEF9 /* Build configuration list for PBXNativeTarget "YumMeUITests" */ = {
			isa = XCConfigurationList;
			buildConfigurations = (
				62AFC351261021630021DEF9 /* Debug */,
				62AFC352261021630021DEF9 /* Release */,
			);
			defaultConfigurationIsVisible = 0;
			defaultConfigurationName = Release;
		};
/* End XCConfigurationList section */
	};
	rootObject = 62AFC3182610215B0021DEF9 /* Project object */;
}
